
Microsoft Visual Studio Solution File, Format Version 12.00
# Visual Studio Version 16
VisualStudioVersion = 16.0.29123.88
MinimumVisualStudioVersion = 10.0.40219.1
Project("{2150E333-8FDC-42A3-9474-1A3956D46DE8}") = "Data", "Data", "{CE2A1386-3F15-4654-9E11-ABB07C253DC0}"
EndProject
Project("{2150E333-8FDC-42A3-9474-1A3956D46DE8}") = "Infraestructure", "Infraestructure", "{25046ED8-C9A9-4E38-B845-87D8A93AF5F5}"
EndProject
Project("{2150E333-8FDC-42A3-9474-1A3956D46DE8}") = "Services", "Services", "{BE00606C-00C5-4D19-BCC4-F65602A302D9}"
EndProject
Project("{2150E333-8FDC-42A3-9474-1A3956D46DE8}") = "Presentation", "Presentation", "{EE64302A-FF74-4801-9B3D-46EC339D55D0}"
EndProject
Project("{9A19103F-16F7-4668-BE54-9A1E7A4F7556}") = "MedicalSolution.Infraestructure", "MedicalSolution.Infraestructure\MedicalSolution.Infraestructure.csproj", "{432A0ED5-FCDA-4216-8980-B92EF27A6158}"
EndProject
Project("{9A19103F-16F7-4668-BE54-9A1E7A4F7556}") = "MedicalSolution.Data", "MedicalSolution.Data\MedicalSolution.Data.csproj", "{ACFCCF76-E4C6-4FAC-8CC1-B96DF2DA5496}"
EndProject
Project("{9A19103F-16F7-4668-BE54-9A1E7A4F7556}") = "MedicalSolution.Services", "MedicalSolution.Services\MedicalSolution.Services.csproj", "{03A37247-DB17-4607-B547-3F7E05979FAD}"
EndProject
Project("{9A19103F-16F7-4668-BE54-9A1E7A4F7556}") = "MedicalSolution.Presentation", "MedicalSolution.Presentation\MedicalSolution.Presentation.csproj", "{29CD3668-9E6E-4408-9FB3-444C91EC0297}"
EndProject
Project("{2150E333-8FDC-42A3-9474-1A3956D46DE8}") = "Utilidades y Entregables", "Utilidades y Entregables", "{7D94DD71-C2CD-4D0C-862B-5C11B56252CF}"
	ProjectSection(SolutionItems) = preProject
		Readme.md = Readme.md
	EndProjectSection
EndProject
Global
	GlobalSection(SolutionConfigurationPlatforms) = preSolution
		Debug|Any CPU = Debug|Any CPU
		Release|Any CPU = Release|Any CPU
	EndGlobalSection
	GlobalSection(ProjectConfigurationPlatforms) = postSolution
		{432A0ED5-FCDA-4216-8980-B92EF27A6158}.Debug|Any CPU.ActiveCfg = Debug|Any CPU
		{432A0ED5-FCDA-4216-8980-B92EF27A6158}.Debug|Any CPU.Build.0 = Debug|Any CPU
		{432A0ED5-FCDA-4216-8980-B92EF27A6158}.Release|Any CPU.ActiveCfg = Release|Any CPU
		{432A0ED5-FCDA-4216-8980-B92EF27A6158}.Release|Any CPU.Build.0 = Release|Any CPU
		{ACFCCF76-E4C6-4FAC-8CC1-B96DF2DA5496}.Debug|Any CPU.ActiveCfg = Debug|Any CPU
		{ACFCCF76-E4C6-4FAC-8CC1-B96DF2DA5496}.Debug|Any CPU.Build.0 = Debug|Any CPU
		{ACFCCF76-E4C6-4FAC-8CC1-B96DF2DA5496}.Release|Any CPU.ActiveCfg = Release|Any CPU
		{ACFCCF76-E4C6-4FAC-8CC1-B96DF2DA5496}.Release|Any CPU.Build.0 = Release|Any CPU
		{03A37247-DB17-4607-B547-3F7E05979FAD}.Debug|Any CPU.ActiveCfg = Debug|Any CPU
		{03A37247-DB17-4607-B547-3F7E05979FAD}.Debug|Any CPU.Build.0 = Debug|Any CPU
		{03A37247-DB17-4607-B547-3F7E05979FAD}.Release|Any CPU.ActiveCfg = Release|Any CPU
		{03A37247-DB17-4607-B547-3F7E05979FAD}.Release|Any CPU.Build.0 = Release|Any CPU
		{29CD3668-9E6E-4408-9FB3-444C91EC0297}.Debug|Any CPU.ActiveCfg = Debug|Any CPU
		{29CD3668-9E6E-4408-9FB3-444C91EC0297}.Debug|Any CPU.Build.0 = Debug|Any CPU
		{29CD3668-9E6E-4408-9FB3-444C91EC0297}.Release|Any CPU.ActiveCfg = Release|Any CPU
		{29CD3668-9E6E-4408-9FB3-444C91EC0297}.Release|Any CPU.Build.0 = Release|Any CPU
	EndGlobalSection
	GlobalSection(SolutionProperties) = preSolution
		HideSolutionNode = FALSE
	EndGlobalSection
	GlobalSection(NestedProjects) = preSolution
		{432A0ED5-FCDA-4216-8980-B92EF27A6158} = {25046ED8-C9A9-4E38-B845-87D8A93AF5F5}
		{ACFCCF76-E4C6-4FAC-8CC1-B96DF2DA5496} = {CE2A1386-3F15-4654-9E11-ABB07C253DC0}
		{03A37247-DB17-4607-B547-3F7E05979FAD} = {BE00606C-00C5-4D19-BCC4-F65602A302D9}
		{29CD3668-9E6E-4408-9FB3-444C91EC0297} = {EE64302A-FF74-4801-9B3D-46EC339D55D0}
	EndGlobalSection
	GlobalSection(ExtensibilityGlobals) = postSolution
		SolutionGuid = {B50486CD-1603-4B59-A05C-EEBEE01B7B37}
	EndGlobalSection
EndGlobal
